// !$*UTF8*$!
{
	archiveVersion = 1;
	classes = {
	};
	objectVersion = 50;
	objects = {

/* Begin PBXBuildFile section */
		5C46F9FC25BFCB2000567FCA /* ConverencyApp.swift in Sources */ = {isa = PBXBuildFile; fileRef = 5C46F9FB25BFCB2000567FCA /* ConverencyApp.swift */; };
		5C46F9FE25BFCB2000567FCA /* ContentView.swift in Sources */ = {isa = PBXBuildFile; fileRef = 5C46F9FD25BFCB2000567FCA /* ContentView.swift */; };
		5C46FA0025BFCB2100567FCA /* Assets.xcassets in Resources */ = {isa = PBXBuildFile; fileRef = 5C46F9FF25BFCB2100567FCA /* Assets.xcassets */; };
		5C46FA0325BFCB2100567FCA /* Preview Assets.xcassets in Resources */ = {isa = PBXBuildFile; fileRef = 5C46FA0225BFCB2100567FCA /* Preview Assets.xcassets */; };
		5C46FA0C25BFCE1A00567FCA /* BitcoinView.swift in Sources */ = {isa = PBXBuildFile; fileRef = 5C46FA0B25BFCE1A00567FCA /* BitcoinView.swift */; };
		5C46FA0F25BFCEA600567FCA /* CurrencyView.swift in Sources */ = {isa = PBXBuildFile; fileRef = 5C46FA0E25BFCEA600567FCA /* CurrencyView.swift */; };
		5C46FA1225BFD23900567FCA /* BitcoinData.swift in Sources */ = {isa = PBXBuildFile; fileRef = 5C46FA1125BFD23900567FCA /* BitcoinData.swift */; };
		5C46FA1525BFD37000567FCA /* BitcoinNetworkManager.swift in Sources */ = {isa = PBXBuildFile; fileRef = 5C46FA1425BFD37000567FCA /* BitcoinNetworkManager.swift */; };
		5CCD212625BFD9C80051F6E4 /* CurrencyData.swift in Sources */ = {isa = PBXBuildFile; fileRef = 5CCD212525BFD9C80051F6E4 /* CurrencyData.swift */; };
		5CCD212925BFD9EA0051F6E4 /* CurrencyNetworkManager.swift in Sources */ = {isa = PBXBuildFile; fileRef = 5CCD212825BFD9EA0051F6E4 /* CurrencyNetworkManager.swift */; };
/* End PBXBuildFile section */

/* Begin PBXFileReference section */
		5C46F9F825BFCB2000567FCA /* Converency.app */ = {isa = PBXFileReference; explicitFileType = wrapper.application; includeInIndex = 0; path = Converency.app; sourceTree = BUILT_PRODUCTS_DIR; };
		5C46F9FB25BFCB2000567FCA /* ConverencyApp.swift */ = {isa = PBXFileReference; lastKnownFileType = sourcecode.swift; path = ConverencyApp.swift; sourceTree = "<group>"; };
		5C46F9FD25BFCB2000567FCA /* ContentView.swift */ = {isa = PBXFileReference; lastKnownFileType = sourcecode.swift; path = ContentView.swift; sourceTree = "<group>"; };
		5C46F9FF25BFCB2100567FCA /* Assets.xcassets */ = {isa = PBXFileReference; lastKnownFileType = folder.assetcatalog; path = Assets.xcassets; sourceTree = "<group>"; };
		5C46FA0225BFCB2100567FCA /* Preview Assets.xcassets */ = {isa = PBXFileReference; lastKnownFileType = folder.assetcatalog; path = "Preview Assets.xcassets"; sourceTree = "<group>"; };
		5C46FA0425BFCB2100567FCA /* Info.plist */ = {isa = PBXFileReference; lastKnownFileType = text.plist.xml; path = Info.plist; sourceTree = "<group>"; };
		5C46FA0B25BFCE1A00567FCA /* BitcoinView.swift */ = {isa = PBXFileReference; lastKnownFileType = sourcecode.swift; path = BitcoinView.swift; sourceTree = "<group>"; };
		5C46FA0E25BFCEA600567FCA /* CurrencyView.swift */ = {isa = PBXFileReference; lastKnownFileType = sourcecode.swift; path = CurrencyView.swift; sourceTree = "<group>"; };
		5C46FA1125BFD23900567FCA /* BitcoinData.swift */ = {isa = PBXFileReference; lastKnownFileType = sourcecode.swift; path = BitcoinData.swift; sourceTree = "<group>"; };
		5C46FA1425BFD37000567FCA /* BitcoinNetworkManager.swift */ = {isa = PBXFileReference; lastKnownFileType = sourcecode.swift; path = BitcoinNetworkManager.swift; sourceTree = "<group>"; };
		5CCD212525BFD9C80051F6E4 /* CurrencyData.swift */ = {isa = PBXFileReference; lastKnownFileType = sourcecode.swift; path = CurrencyData.swift; sourceTree = "<group>"; };
		5CCD212825BFD9EA0051F6E4 /* CurrencyNetworkManager.swift */ = {isa = PBXFileReference; lastKnownFileType = sourcecode.swift; path = CurrencyNetworkManager.swift; sourceTree = "<group>"; };
/* End PBXFileReference section */

/* Begin PBXFrameworksBuildPhase section */
		5C46F9F525BFCB2000567FCA /* Frameworks */ = {
			isa = PBXFrameworksBuildPhase;
			buildActionMask = 2147483647;
			files = (
			);
			runOnlyForDeploymentPostprocessing = 0;
		};
/* End PBXFrameworksBuildPhase section */

/* Begin PBXGroup section */
		5C46F9EF25BFCB2000567FCA = {
			isa = PBXGroup;
			children = (
				5C46F9FA25BFCB2000567FCA /* Converency */,
				5C46F9F925BFCB2000567FCA /* Products */,
			);
			sourceTree = "<group>";
		};
		5C46F9F925BFCB2000567FCA /* Products */ = {
			isa = PBXGroup;
			children = (
				5C46F9F825BFCB2000567FCA /* Converency.app */,
			);
			name = Products;
			sourceTree = "<group>";
		};
		5C46F9FA25BFCB2000567FCA /* Converency */ = {
			isa = PBXGroup;
			children = (
				5C46F9FB25BFCB2000567FCA /* ConverencyApp.swift */,
				5C46FA1925BFD39100567FCA /* Model */,
				5C46FA1725BFD38800567FCA /* Controllers */,
				5C46FA1B25BFD39700567FCA /* Views */,
				5C46F9FF25BFCB2100567FCA /* Assets.xcassets */,
				5C46FA0425BFCB2100567FCA /* Info.plist */,
				5C46FA0125BFCB2100567FCA /* Preview Content */,
			);
			path = Converency;
			sourceTree = "<group>";
		};
		5C46FA0125BFCB2100567FCA /* Preview Content */ = {
			isa = PBXGroup;
			children = (
				5C46FA0225BFCB2100567FCA /* Preview Assets.xcassets */,
			);
			path = "Preview Content";
			sourceTree = "<group>";
		};
		5C46FA1725BFD38800567FCA /* Controllers */ = {
			isa = PBXGroup;
			children = (
				5C46FA1425BFD37000567FCA /* BitcoinNetworkManager.swift */,
				5CCD212825BFD9EA0051F6E4 /* CurrencyNetworkManager.swift */,
			);
			path = Controllers;
			sourceTree = "<group>";
		};
		5C46FA1925BFD39100567FCA /* Model */ = {
			isa = PBXGroup;
			children = (
				5C46FA1125BFD23900567FCA /* BitcoinData.swift */,
				5CCD212525BFD9C80051F6E4 /* CurrencyData.swift */,
			);
			path = Model;
			sourceTree = "<group>";
		};
		5C46FA1B25BFD39700567FCA /* Views */ = {
			isa = PBXGroup;
			children = (
				5C46FA0B25BFCE1A00567FCA /* BitcoinView.swift */,
				5C46F9FD25BFCB2000567FCA /* ContentView.swift */,
				5C46FA0E25BFCEA600567FCA /* CurrencyView.swift */,
			);
			path = Views;
			sourceTree = "<group>";
		};
/* End PBXGroup section */

/* Begin PBXNativeTarget section */
		5C46F9F725BFCB2000567FCA /* Converency */ = {
			isa = PBXNativeTarget;
			buildConfigurationList = 5C46FA0725BFCB2100567FCA /* Build configuration list for PBXNativeTarget "Converency" */;
			buildPhases = (
				5C46F9F425BFCB2000567FCA /* Sources */,
				5C46F9F525BFCB2000567FCA /* Frameworks */,
				5C46F9F625BFCB2000567FCA /* Resources */,
			);
			buildRules = (
			);
			dependencies = (
			);
			name = Converency;
			productName = Converency;
			productReference = 5C46F9F825BFCB2000567FCA /* Converency.app */;
			productType = "com.apple.product-type.application";
		};
/* End PBXNativeTarget section */

/* Begin PBXProject section */
		5C46F9F025BFCB2000567FCA /* Project object */ = {
			isa = PBXProject;
			attributes = {
				LastSwiftUpdateCheck = 1230;
				LastUpgradeCheck = 1230;
				TargetAttributes = {
					5C46F9F725BFCB2000567FCA = {
						CreatedOnToolsVersion = 12.3;
					};
				};
			};
			buildConfigurationList = 5C46F9F325BFCB2000567FCA /* Build configuration list for PBXProject "Converency" */;
			compatibilityVersion = "Xcode 9.3";
			developmentRegion = en;
			hasScannedForEncodings = 0;
			knownRegions = (
				en,
				Base,
			);
			mainGroup = 5C46F9EF25BFCB2000567FCA;
			productRefGroup = 5C46F9F925BFCB2000567FCA /* Products */;
			projectDirPath = "";
			projectRoot = "";
			targets = (
				5C46F9F725BFCB2000567FCA /* Converency */,
			);
		};
/* End PBXProject section */

/* Begin PBXResourcesBuildPhase section */
		5C46F9F625BFCB2000567FCA /* Resources */ = {
			isa = PBXResourcesBuildPhase;
			buildActionMask = 2147483647;
			files = (
				5C46FA0325BFCB2100567FCA /* Preview Assets.xcassets in Resources */,
				5C46FA0025BFCB2100567FCA /* Assets.xcassets in Resources */,
			);
			runOnlyForDeploymentPostprocessing = 0;
		};
/* End PBXResourcesBuildPhase section */

/* Begin PBXSourcesBuildPhase section */
		5C46F9F425BFCB2000567FCA /* Sources */ = {
			isa = PBXSourcesBuildPhase;
			buildActionMask = 2147483647;
			files = (
				5C46F9FE25BFCB2000567FCA /* ContentView.swift in Sources */,
				5C46FA0C25BFCE1A00567FCA /* BitcoinView.swift in Sources */,
				5C46FA1225BFD23900567FCA /* BitcoinData.swift in Sources */,
				5C46FA1525BFD37000567FCA /* BitcoinNetworkManager.swift in Sources */,
				5CCD212625BFD9C80051F6E4 /* CurrencyData.swift in Sources */,
				5C46F9FC25BFCB2000567FCA /* ConverencyApp.swift in Sources */,
				5C46FA0F25BFCEA600567FCA /* CurrencyView.swift in Sources */,
				5CCD212925BFD9EA0051F6E4 /* CurrencyNetworkManager.swift in Sources */,
			);
			runOnlyForDeploymentPostprocessing = 0;
		};
/* End PBXSourcesBuildPhase section */

/* Begin XCBuildConfiguration section */
		5C46FA0525BFCB2100567FCA /* Debug */ = {
			isa = XCBuildConfiguration;
			buildSettings = {
				ALWAYS_SEARCH_USER_PATHS = NO;
				CLANG_ANALYZER_NONNULL = YES;
				CLANG_ANALYZER_NUMBER_OBJECT_CONVERSION = YES_AGGRESSIVE;
				CLANG_CXX_LANGUAGE_STANDARD = "gnu++14";
				CLANG_CXX_LIBRARY = "libc++";
				CLANG_ENABLE_MODULES = YES;
				CLANG_ENABLE_OBJC_ARC = YES;
				CLANG_ENABLE_OBJC_WEAK = YES;
				CLANG_WARN_BLOCK_CAPTURE_AUTORELEASING = YES;
				CLANG_WARN_BOOL_CONVERSION = YES;
				CLANG_WARN_COMMA = YES;
				CLANG_WARN_CONSTANT_CONVERSION = YES;
				CLANG_WARN_DEPRECATED_OBJC_IMPLEMENTATIONS = YES;
				CLANG_WARN_DIRECT_OBJC_ISA_USAGE = YES_ERROR;
				CLANG_WARN_DOCUMENTATION_COMMENTS = YES;
				CLANG_WARN_EMPTY_BODY = YES;
				CLANG_WARN_ENUM_CONVERSION = YES;
				CLANG_WARN_INFINITE_RECURSION = YES;
				CLANG_WARN_INT_CONVERSION = YES;
				CLANG_WARN_NON_LITERAL_NULL_CONVERSION = YES;
				CLANG_WARN_OBJC_IMPLICIT_RETAIN_SELF = YES;
				CLANG_WARN_OBJC_LITERAL_CONVERSION = YES;
				CLANG_WARN_OBJC_ROOT_CLASS = YES_ERROR;
				CLANG_WARN_QUOTED_INCLUDE_IN_FRAMEWORK_HEADER = YES;
				CLANG_WARN_RANGE_LOOP_ANALYSIS = YES;
				CLANG_WARN_STRICT_PROTOTYPES = YES;
				CLANG_WARN_SUSPICIOUS_MOVE = YES;
				CLANG_WARN_UNGUARDED_AVAILABILITY = YES_AGGRESSIVE;
				CLANG_WARN_UNREACHABLE_CODE = YES;
				CLANG_WARN__DUPLICATE_METHOD_MATCH = YES;
				COPY_PHASE_STRIP = NO;
				DEBUG_INFORMATION_FORMAT = dwarf;
				ENABLE_STRICT_OBJC_MSGSEND = YES;
				ENABLE_TESTABILITY = YES;
				GCC_C_LANGUAGE_STANDARD = gnu11;
				GCC_DYNAMIC_NO_PIC = NO;
				GCC_NO_COMMON_BLOCKS = YES;
				GCC_OPTIMIZATION_LEVEL = 0;
				GCC_PREPROCESSOR_DEFINITIONS = (
					"DEBUG=1",
					"$(inherited)",
				);
				GCC_WARN_64_TO_32_BIT_CONVERSION = YES;
				GCC_WARN_ABOUT_RETURN_TYPE = YES_ERROR;
				GCC_WARN_UNDECLARED_SELECTOR = YES;
				GCC_WARN_UNINITIALIZED_AUTOS = YES_AGGRESSIVE;
				GCC_WARN_UNUSED_FUNCTION = YES;
				GCC_WARN_UNUSED_VARIABLE = YES;
				IPHONEOS_DEPLOYMENT_TARGET = 14.3;
				MTL_ENABLE_DEBUG_INFO = INCLUDE_SOURCE;
				MTL_FAST_MATH = YES;
				ONLY_ACTIVE_ARCH = YES;
				SDKROOT = iphoneos;
				SWIFT_ACTIVE_COMPILATION_CONDITIONS = DEBUG;
				SWIFT_OPTIMIZATION_LEVEL = "-Onone";
			};
			name = Debug;
		};
		5C46FA0625BFCB2100567FCA /* Release */ = {
			isa = XCBuildConfiguration;
			buildSettings = {
				ALWAYS_SEARCH_USER_PATHS = NO;
				CLANG_ANALYZER_NONNULL = YES;
				CLANG_ANALYZER_NUMBER_OBJECT_CONVERSION = YES_AGGRESSIVE;
				CLANG_CXX_LANGUAGE_STANDARD = "gnu++14";
				CLANG_CXX_LIBRARY = "libc++";
				CLANG_ENABLE_MODULES = YES;
				CLANG_ENABLE_OBJC_ARC = YES;
				CLANG_ENABLE_OBJC_WEAK = YES;
				CLANG_WARN_BLOCK_CAPTURE_AUTORELEASING = YES;
				CLANG_WARN_BOOL_CONVERSION = YES;
				CLANG_WARN_COMMA = YES;
				CLANG_WARN_CONSTANT_CONVERSION = YES;
				CLANG_WARN_DEPRECATED_OBJC_IMPLEMENTATIONS = YES;
				CLANG_WARN_DIRECT_OBJC_ISA_USAGE = YES_ERROR;
				CLANG_WARN_DOCUMENTATION_COMMENTS = YES;
				CLANG_WARN_EMPTY_BODY = YES;
				CLANG_WARN_ENUM_CONVERSION = YES;
				CLANG_WARN_INFINITE_RECURSION = YES;
				CLANG_WARN_INT_CONVERSION = YES;
				CLANG_WARN_NON_LITERAL_NULL_CONVERSION = YES;
				CLANG_WARN_OBJC_IMPLICIT_RETAIN_SELF = YES;
				CLANG_WARN_OBJC_LITERAL_CONVERSION = YES;
				CLANG_WARN_OBJC_ROOT_CLASS = YES_ERROR;
				CLANG_WARN_QUOTED_INCLUDE_IN_FRAMEWORK_HEADER = YES;
				CLANG_WARN_RANGE_LOOP_ANALYSIS = YES;
				CLANG_WARN_STRICT_PROTOTYPES = YES;
				CLANG_WARN_SUSPICIOUS_MOVE = YES;
				CLANG_WARN_UNGUARDED_AVAILABILITY = YES_AGGRESSIVE;
				CLANG_WARN_UNREACHABLE_CODE = YES;
				CLANG_WARN__DUPLICATE_METHOD_MATCH = YES;
				COPY_PHASE_STRIP = NO;
				DEBUG_INFORMATION_FORMAT = "dwarf-with-dsym";
				ENABLE_NS_ASSERTIONS = NO;
				ENABLE_STRICT_OBJC_MSGSEND = YES;
				GCC_C_LANGUAGE_STANDARD = gnu11;
				GCC_NO_COMMON_BLOCKS = YES;
				GCC_WARN_64_TO_32_BIT_CONVERSION = YES;
				GCC_WARN_ABOUT_RETURN_TYPE = YES_ERROR;
				GCC_WARN_UNDECLARED_SELECTOR = YES;
				GCC_WARN_UNINITIALIZED_AUTOS = YES_AGGRESSIVE;
				GCC_WARN_UNUSED_FUNCTION = YES;
				GCC_WARN_UNUSED_VARIABLE = YES;
				IPHONEOS_DEPLOYMENT_TARGET = 14.3;
				MTL_ENABLE_DEBUG_INFO = NO;
				MTL_FAST_MATH = YES;
				SDKROOT = iphoneos;
				SWIFT_COMPILATION_MODE = wholemodule;
				SWIFT_OPTIMIZATION_LEVEL = "-O";
				VALIDATE_PRODUCT = YES;
			};
			name = Release;
		};
		5C46FA0825BFCB2100567FCA /* Debug */ = {
			isa = XCBuildConfiguration;
			buildSettings = {
				ASSETCATALOG_COMPILER_APPICON_NAME = AppIcon;
				ASSETCATALOG_COMPILER_GLOBAL_ACCENT_COLOR_NAME = AccentColor;
				CODE_SIGN_STYLE = Automatic;
				DEVELOPMENT_ASSET_PATHS = "\"Converency/Preview Content\"";
				DEVELOPMENT_TEAM = T8B9LKFKJY;
				ENABLE_PREVIEWS = YES;
				INFOPLIST_FILE = Converency/Info.plist;
				IPHONEOS_DEPLOYMENT_TARGET = 14.0;
				LD_RUNPATH_SEARCH_PATHS = (
					"$(inherited)",
					"@executable_path/Frameworks",
				);
				PRODUCT_BUNDLE_IDENTIFIER = com.enriquegongora.Converency;
				PRODUCT_NAME = "$(TARGET_NAME)";
				SWIFT_VERSION = 5.0;
				TARGETED_DEVICE_FAMILY = "1,2";
			};
			name = Debug;
		};
		5C46FA0925BFCB2100567FCA /* Release */ = {
			isa = XCBuildConfiguration;
			buildSettings = {
				ASSETCATALOG_COMPILER_APPICON_NAME = AppIcon;
				ASSETCATALOG_COMPILER_GLOBAL_ACCENT_COLOR_NAME = AccentColor;
				CODE_SIGN_STYLE = Automatic;
				DEVELOPMENT_ASSET_PATHS = "\"Converency/Preview Content\"";
				DEVELOPMENT_TEAM = T8B9LKFKJY;
				ENABLE_PREVIEWS = YES;
				INFOPLIST_FILE = Converency/Info.plist;
				IPHONEOS_DEPLOYMENT_TARGET = 14.0;
				LD_RUNPATH_SEARCH_PATHS = (
					"$(inherited)",
					"@executable_path/Frameworks",
				);
				PRODUCT_BUNDLE_IDENTIFIER = com.enriquegongora.Converency;
				PRODUCT_NAME = "$(TARGET_NAME)";
				SWIFT_VERSION = 5.0;
				TARGETED_DEVICE_FAMILY = "1,2";
			};
			name = Release;
		};
/* End XCBuildConfiguration section */

/* Begin XCConfigurationList section */
		5C46F9F325BFCB2000567FCA /* Build configuration list for PBXProject "Converency" */ = {
			isa = XCConfigurationList;
			buildConfigurations = (
				5C46FA0525BFCB2100567FCA /* Debug */,
				5C46FA0625BFCB2100567FCA /* Release */,
			);
			defaultConfigurationIsVisible = 0;
			defaultConfigurationName = Release;
		};
		5C46FA0725BFCB2100567FCA /* Build configuration list for PBXNativeTarget "Converency" */ = {
			isa = XCConfigurationList;
			buildConfigurations = (
				5C46FA0825BFCB2100567FCA /* Debug */,
				5C46FA0925BFCB2100567FCA /* Release */,
			);
			defaultConfigurationIsVisible = 0;
			defaultConfigurationName = Release;
		};
/* End XCConfigurationList section */
	};
	rootObject = 5C46F9F025BFCB2000567FCA /* Project object */;
}
